
Microsoft Visual Studio Solution File, Format Version 12.00
# Visual Studio Version 16
VisualStudioVersion = 16.0.30517.126
MinimumVisualStudioVersion = 10.0.40219.1
Project("{FAE04EC0-301F-11D3-BF4B-00C04F79EFBC}") = "Trippy_Land", "Trippy_Land.csproj", "{689714B1-6D86-47CB-8A6E-B604B2200295}"
EndProject
Global
	GlobalSection(SolutionConfigurationPlatforms) = preSolution
		Debug|Any CPU = Debug|Any CPU
		Release|Any CPU = Release|Any CPU
	EndGlobalSection
	GlobalSection(ProjectConfigurationPlatforms) = postSolution
		{689714B1-6D86-47CB-8A6E-B604B2200295}.Debug|Any CPU.ActiveCfg = Debug|Any CPU
		{689714B1-6D86-47CB-8A6E-B604B2200295}.Debug|Any CPU.Build.0 = Debug|Any CPU
		{689714B1-6D86-47CB-8A6E-B604B2200295}.Release|Any CPU.ActiveCfg = Release|Any CPU
		{689714B1-6D86-47CB-8A6E-B604B2200295}.Release|Any CPU.Build.0 = Release|Any CPU
	EndGlobalSection
	GlobalSection(SolutionProperties) = preSolution
		HideSolutionNode = FALSE
	EndGlobalSection
	GlobalSection(ExtensibilityGlobals) = postSolution
		SolutionGuid = {0DB26FFD-BC34-4A71-B577-EA923DBFF17C}
	EndGlobalSection
EndGlobal
